
Microsoft Visual Studio Solution File, Format Version 12.00
# Visual Studio Version 17
VisualStudioVersion = 17.6.33801.468
MinimumVisualStudioVersion = 10.0.40219.1
Project("{FAE04EC0-301F-11D3-BF4B-00C04F79EFBC}") = "PROYECTO_REPORTE_2023", "PROYECTO_REPORTE_2023\PROYECTO_REPORTE_2023.csproj", "{60CF2A6F-9FA6-4126-BC1E-C9CB02A8F439}"
EndProject
Project("{FAE04EC0-301F-11D3-BF4B-00C04F79EFBC}") = "BE", "BE\BE.csproj", "{7F8EC596-1B91-4D9F-B01B-C76D6C95D789}"
EndProject
Project("{54435603-DBB4-11D2-8724-00A0C9A8B90C}") = "ReportFlow", "ReportFlow\ReportFlow.vdproj", "{76436A03-1E0C-4DDE-A4E2-AB3B27EDE91D}"
EndProject
Global
	GlobalSection(SolutionConfigurationPlatforms) = preSolution
		Debug|Any CPU = Debug|Any CPU
		Release|Any CPU = Release|Any CPU
	EndGlobalSection
	GlobalSection(ProjectConfigurationPlatforms) = postSolution
		{60CF2A6F-9FA6-4126-BC1E-C9CB02A8F439}.Debug|Any CPU.ActiveCfg = Debug|Any CPU
		{60CF2A6F-9FA6-4126-BC1E-C9CB02A8F439}.Debug|Any CPU.Build.0 = Debug|Any CPU
		{60CF2A6F-9FA6-4126-BC1E-C9CB02A8F439}.Release|Any CPU.ActiveCfg = Release|Any CPU
		{60CF2A6F-9FA6-4126-BC1E-C9CB02A8F439}.Release|Any CPU.Build.0 = Release|Any CPU
		{7F8EC596-1B91-4D9F-B01B-C76D6C95D789}.Debug|Any CPU.ActiveCfg = Debug|Any CPU
		{7F8EC596-1B91-4D9F-B01B-C76D6C95D789}.Debug|Any CPU.Build.0 = Debug|Any CPU
		{7F8EC596-1B91-4D9F-B01B-C76D6C95D789}.Release|Any CPU.ActiveCfg = Release|Any CPU
		{7F8EC596-1B91-4D9F-B01B-C76D6C95D789}.Release|Any CPU.Build.0 = Release|Any CPU
		{76436A03-1E0C-4DDE-A4E2-AB3B27EDE91D}.Debug|Any CPU.ActiveCfg = Debug
		{76436A03-1E0C-4DDE-A4E2-AB3B27EDE91D}.Release|Any CPU.ActiveCfg = Release
	EndGlobalSection
	GlobalSection(SolutionProperties) = preSolution
		HideSolutionNode = FALSE
	EndGlobalSection
	GlobalSection(ExtensibilityGlobals) = postSolution
		SolutionGuid = {D8AFADCF-4AB9-4D73-876E-5B019E74692D}
	EndGlobalSection
EndGlobal
